
Microsoft Visual Studio Solution File, Format Version 12.00
# Visual Studio Version 17
VisualStudioVersion = 17.3.32929.385
MinimumVisualStudioVersion = 10.0.40219.1
Project("{FAE04EC0-301F-11D3-BF4B-00C04F79EFBC}") = "EfCoreIntroduction", "EfCoreIntroduction\EfCoreIntroduction.csproj", "{0E034D64-266D-40B3-933C-565A3292ACF5}"
EndProject
Global
	GlobalSection(SolutionConfigurationPlatforms) = preSolution
		Debug|Any CPU = Debug|Any CPU
		Release|Any CPU = Release|Any CPU
	EndGlobalSection
	GlobalSection(ProjectConfigurationPlatforms) = postSolution
		{0E034D64-266D-40B3-933C-565A3292ACF5}.Debug|Any CPU.ActiveCfg = Debug|Any CPU
		{0E034D64-266D-40B3-933C-565A3292ACF5}.Debug|Any CPU.Build.0 = Debug|Any CPU
		{0E034D64-266D-40B3-933C-565A3292ACF5}.Release|Any CPU.ActiveCfg = Release|Any CPU
		{0E034D64-266D-40B3-933C-565A3292ACF5}.Release|Any CPU.Build.0 = Release|Any CPU
	EndGlobalSection
	GlobalSection(SolutionProperties) = preSolution
		HideSolutionNode = FALSE
	EndGlobalSection
	GlobalSection(ExtensibilityGlobals) = postSolution
		SolutionGuid = {A410DE1C-E532-4262-A456-D9F4E86F0C88}
	EndGlobalSection
EndGlobal
